
Microsoft Visual Studio Solution File, Format Version 12.00
# Visual Studio 15
VisualStudioVersion = 15.0.27428.2043
MinimumVisualStudioVersion = 10.0.40219.1
Project("{FAE04EC0-301F-11D3-BF4B-00C04F79EFBC}") = "MeetingRecord.AppWeb", "MeetingRecord.AppWeb\MeetingRecord.AppWeb.csproj", "{87A853A2-2C9E-4C83-9ABF-A1D07AAB7482}"
EndProject
Global
	GlobalSection(SolutionConfigurationPlatforms) = preSolution
		Debug|Any CPU = Debug|Any CPU
		Release|Any CPU = Release|Any CPU
	EndGlobalSection
	GlobalSection(ProjectConfigurationPlatforms) = postSolution
		{87A853A2-2C9E-4C83-9ABF-A1D07AAB7482}.Debug|Any CPU.ActiveCfg = Debug|Any CPU
		{87A853A2-2C9E-4C83-9ABF-A1D07AAB7482}.Debug|Any CPU.Build.0 = Debug|Any CPU
		{87A853A2-2C9E-4C83-9ABF-A1D07AAB7482}.Release|Any CPU.ActiveCfg = Release|Any CPU
		{87A853A2-2C9E-4C83-9ABF-A1D07AAB7482}.Release|Any CPU.Build.0 = Release|Any CPU
	EndGlobalSection
	GlobalSection(SolutionProperties) = preSolution
		HideSolutionNode = FALSE
	EndGlobalSection
	GlobalSection(ExtensibilityGlobals) = postSolution
		SolutionGuid = {323B718A-F29D-48BE-B440-85FCFBFFE82C}
	EndGlobalSection
EndGlobal
