Microsoft Visual Studio Solution File, Format Version 12.00
# Visual Studio Version 17
VisualStudioVersion = 17.5.2.0
MinimumVisualStudioVersion = 10.0.40219.1
Project("{FAE04EC0-301F-11D3-BF4B-00C04F79EFBC}") = "MeetingRecord.AppWeb", "MeetingRecord.AppWeb.csproj", "{82F1EE44-E1D6-8D99-26C9-A3DDECE3F079}"
EndProject
Global
	GlobalSection(SolutionConfigurationPlatforms) = preSolution
		Debug|Any CPU = Debug|Any CPU
		Release|Any CPU = Release|Any CPU
	EndGlobalSection
	GlobalSection(ProjectConfigurationPlatforms) = postSolution
		{82F1EE44-E1D6-8D99-26C9-A3DDECE3F079}.Debug|Any CPU.ActiveCfg = Debug|Any CPU
		{82F1EE44-E1D6-8D99-26C9-A3DDECE3F079}.Debug|Any CPU.Build.0 = Debug|Any CPU
		{82F1EE44-E1D6-8D99-26C9-A3DDECE3F079}.Release|Any CPU.ActiveCfg = Release|Any CPU
		{82F1EE44-E1D6-8D99-26C9-A3DDECE3F079}.Release|Any CPU.Build.0 = Release|Any CPU
	EndGlobalSection
	GlobalSection(SolutionProperties) = preSolution
		HideSolutionNode = FALSE
	EndGlobalSection
	GlobalSection(ExtensibilityGlobals) = postSolution
		SolutionGuid = {1511406C-9110-4185-8EC9-3E75D71197C6}
	EndGlobalSection
EndGlobal
